// !$*UTF8*$!
{
	archiveVersion = 1;
	classes = {
	};
	objectVersion = 46;
	objects = {

/* Begin PBXBuildFile section */
		1916C7D04E3242DEACA0A4CE /* libPods-BuyProject.a in Frameworks */ = {isa = PBXBuildFile; fileRef = F91E56264F1E22FC58C19AC7 /* libPods-BuyProject.a */; };
		431DEB9C1D20CF1A006C66AC /* main.m in Sources */ = {isa = PBXBuildFile; fileRef = 431DEB9B1D20CF1A006C66AC /* main.m */; };
		431DEBA51D20CF1A006C66AC /* Main.storyboard in Resources */ = {isa = PBXBuildFile; fileRef = 431DEBA31D20CF1A006C66AC /* Main.storyboard */; };
		431DEBAA1D20CF1A006C66AC /* LaunchScreen.storyboard in Resources */ = {isa = PBXBuildFile; fileRef = 431DEBA81D20CF1A006C66AC /* LaunchScreen.storyboard */; };
		431DEBB51D20CF1A006C66AC /* BuyProjectTests.m in Sources */ = {isa = PBXBuildFile; fileRef = 431DEBB41D20CF1A006C66AC /* BuyProjectTests.m */; };
		431DEBC01D20CF1A006C66AC /* BuyProjectUITests.m in Sources */ = {isa = PBXBuildFile; fileRef = 431DEBBF1D20CF1A006C66AC /* BuyProjectUITests.m */; };
		4388BDC01D226CF00079B4EF /* AppDelegate.m in Sources */ = {isa = PBXBuildFile; fileRef = 4388BDBD1D226CF00079B4EF /* AppDelegate.m */; };
		4388BDC11D226CF00079B4EF /* Assets.xcassets in Resources */ = {isa = PBXBuildFile; fileRef = 4388BDBE1D226CF00079B4EF /* Assets.xcassets */; };
		4388BDC21D226CF00079B4EF /* Info.plist in Resources */ = {isa = PBXBuildFile; fileRef = 4388BDBF1D226CF00079B4EF /* Info.plist */; };
		43CDEBD31D236CB000A8D69C /* BYMainTabViewController.m in Sources */ = {isa = PBXBuildFile; fileRef = 43CDEBD21D236CB000A8D69C /* BYMainTabViewController.m */; };
		43CDEBD61D236DFF00A8D69C /* BYPublicViewController.m in Sources */ = {isa = PBXBuildFile; fileRef = 43CDEBD51D236DFF00A8D69C /* BYPublicViewController.m */; };
		43CDEBDB1D23719700A8D69C /* BYMainViewController.m in Sources */ = {isa = PBXBuildFile; fileRef = 43CDEBDA1D23719700A8D69C /* BYMainViewController.m */; };
		43CDEBDE1D2371A900A8D69C /* BYSettingViewController.m in Sources */ = {isa = PBXBuildFile; fileRef = 43CDEBDD1D2371A900A8D69C /* BYSettingViewController.m */; };
		43CDEBE11D2371BC00A8D69C /* BYListViewController.m in Sources */ = {isa = PBXBuildFile; fileRef = 43CDEBE01D2371BC00A8D69C /* BYListViewController.m */; };
		43CDEBE41D2372D500A8D69C /* BYPublicNavgationViewController.m in Sources */ = {isa = PBXBuildFile; fileRef = 43CDEBE31D2372D500A8D69C /* BYPublicNavgationViewController.m */; };
/* End PBXBuildFile section */

/* Begin PBXContainerItemProxy section */
		431DEBB11D20CF1A006C66AC /* PBXContainerItemProxy */ = {
			isa = PBXContainerItemProxy;
			containerPortal = 431DEB8F1D20CF1A006C66AC /* Project object */;
			proxyType = 1;
			remoteGlobalIDString = 431DEB961D20CF1A006C66AC;
			remoteInfo = BuyProject;
		};
		431DEBBC1D20CF1A006C66AC /* PBXContainerItemProxy */ = {
			isa = PBXContainerItemProxy;
			containerPortal = 431DEB8F1D20CF1A006C66AC /* Project object */;
			proxyType = 1;
			remoteGlobalIDString = 431DEB961D20CF1A006C66AC;
			remoteInfo = BuyProject;
		};
/* End PBXContainerItemProxy section */

/* Begin PBXFileReference section */
		431DEB971D20CF1A006C66AC /* BuyProject.app */ = {isa = PBXFileReference; explicitFileType = wrapper.application; includeInIndex = 0; path = BuyProject.app; sourceTree = BUILT_PRODUCTS_DIR; };
		431DEB9B1D20CF1A006C66AC /* main.m */ = {isa = PBXFileReference; lastKnownFileType = sourcecode.c.objc; path = main.m; sourceTree = "<group>"; };
		431DEBA41D20CF1A006C66AC /* Base */ = {isa = PBXFileReference; lastKnownFileType = file.storyboard; name = Base; path = Base.lproj/Main.storyboard; sourceTree = "<group>"; };
		431DEBA91D20CF1A006C66AC /* Base */ = {isa = PBXFileReference; lastKnownFileType = file.storyboard; name = Base; path = Base.lproj/LaunchScreen.storyboard; sourceTree = "<group>"; };
		431DEBB01D20CF1A006C66AC /* BuyProjectTests.xctest */ = {isa = PBXFileReference; explicitFileType = wrapper.cfbundle; includeInIndex = 0; path = BuyProjectTests.xctest; sourceTree = BUILT_PRODUCTS_DIR; };
		431DEBB41D20CF1A006C66AC /* BuyProjectTests.m */ = {isa = PBXFileReference; lastKnownFileType = sourcecode.c.objc; path = BuyProjectTests.m; sourceTree = "<group>"; };
		431DEBB61D20CF1A006C66AC /* Info.plist */ = {isa = PBXFileReference; lastKnownFileType = text.plist.xml; path = Info.plist; sourceTree = "<group>"; };
		431DEBBB1D20CF1A006C66AC /* BuyProjectUITests.xctest */ = {isa = PBXFileReference; explicitFileType = wrapper.cfbundle; includeInIndex = 0; path = BuyProjectUITests.xctest; sourceTree = BUILT_PRODUCTS_DIR; };
		431DEBBF1D20CF1A006C66AC /* BuyProjectUITests.m */ = {isa = PBXFileReference; lastKnownFileType = sourcecode.c.objc; path = BuyProjectUITests.m; sourceTree = "<group>"; };
		431DEBC11D20CF1A006C66AC /* Info.plist */ = {isa = PBXFileReference; lastKnownFileType = text.plist.xml; path = Info.plist; sourceTree = "<group>"; };
		4388BDBC1D226CF00079B4EF /* AppDelegate.h */ = {isa = PBXFileReference; fileEncoding = 4; lastKnownFileType = sourcecode.c.h; path = AppDelegate.h; sourceTree = "<group>"; };
		4388BDBD1D226CF00079B4EF /* AppDelegate.m */ = {isa = PBXFileReference; fileEncoding = 4; lastKnownFileType = sourcecode.c.objc; path = AppDelegate.m; sourceTree = "<group>"; };
		4388BDBE1D226CF00079B4EF /* Assets.xcassets */ = {isa = PBXFileReference; lastKnownFileType = folder.assetcatalog; path = Assets.xcassets; sourceTree = "<group>"; };
		4388BDBF1D226CF00079B4EF /* Info.plist */ = {isa = PBXFileReference; fileEncoding = 4; lastKnownFileType = text.plist.xml; path = Info.plist; sourceTree = "<group>"; };
		43CDEBD11D236CB000A8D69C /* BYMainTabViewController.h */ = {isa = PBXFileReference; fileEncoding = 4; lastKnownFileType = sourcecode.c.h; path = BYMainTabViewController.h; sourceTree = "<group>"; };
		43CDEBD21D236CB000A8D69C /* BYMainTabViewController.m */ = {isa = PBXFileReference; fileEncoding = 4; lastKnownFileType = sourcecode.c.objc; path = BYMainTabViewController.m; sourceTree = "<group>"; };
		43CDEBD41D236DFF00A8D69C /* BYPublicViewController.h */ = {isa = PBXFileReference; fileEncoding = 4; lastKnownFileType = sourcecode.c.h; path = BYPublicViewController.h; sourceTree = "<group>"; };
		43CDEBD51D236DFF00A8D69C /* BYPublicViewController.m */ = {isa = PBXFileReference; fileEncoding = 4; lastKnownFileType = sourcecode.c.objc; path = BYPublicViewController.m; sourceTree = "<group>"; };
		43CDEBD81D236EA200A8D69C /* MacroDefine.h */ = {isa = PBXFileReference; lastKnownFileType = sourcecode.c.h; path = MacroDefine.h; sourceTree = "<group>"; };
		43CDEBD91D23719700A8D69C /* BYMainViewController.h */ = {isa = PBXFileReference; fileEncoding = 4; lastKnownFileType = sourcecode.c.h; path = BYMainViewController.h; sourceTree = "<group>"; };
		43CDEBDA1D23719700A8D69C /* BYMainViewController.m */ = {isa = PBXFileReference; fileEncoding = 4; lastKnownFileType = sourcecode.c.objc; path = BYMainViewController.m; sourceTree = "<group>"; };
		43CDEBDC1D2371A900A8D69C /* BYSettingViewController.h */ = {isa = PBXFileReference; fileEncoding = 4; lastKnownFileType = sourcecode.c.h; path = BYSettingViewController.h; sourceTree = "<group>"; };
		43CDEBDD1D2371A900A8D69C /* BYSettingViewController.m */ = {isa = PBXFileReference; fileEncoding = 4; lastKnownFileType = sourcecode.c.objc; path = BYSettingViewController.m; sourceTree = "<group>"; };
		43CDEBDF1D2371BC00A8D69C /* BYListViewController.h */ = {isa = PBXFileReference; fileEncoding = 4; lastKnownFileType = sourcecode.c.h; path = BYListViewController.h; sourceTree = "<group>"; };
		43CDEBE01D2371BC00A8D69C /* BYListViewController.m */ = {isa = PBXFileReference; fileEncoding = 4; lastKnownFileType = sourcecode.c.objc; path = BYListViewController.m; sourceTree = "<group>"; };
		43CDEBE21D2372D500A8D69C /* BYPublicNavgationViewController.h */ = {isa = PBXFileReference; fileEncoding = 4; lastKnownFileType = sourcecode.c.h; path = BYPublicNavgationViewController.h; sourceTree = "<group>"; };
		43CDEBE31D2372D500A8D69C /* BYPublicNavgationViewController.m */ = {isa = PBXFileReference; fileEncoding = 4; lastKnownFileType = sourcecode.c.objc; path = BYPublicNavgationViewController.m; sourceTree = "<group>"; };
		767DADF49E742488FB4CFAD8 /* Pods-BuyProject.debug.xcconfig */ = {isa = PBXFileReference; includeInIndex = 1; lastKnownFileType = text.xcconfig; name = "Pods-BuyProject.debug.xcconfig"; path = "Pods/Target Support Files/Pods-BuyProject/Pods-BuyProject.debug.xcconfig"; sourceTree = "<group>"; };
		D15E91B5EBD3D607EBFD95CC /* Pods-BuyProject.release.xcconfig */ = {isa = PBXFileReference; includeInIndex = 1; lastKnownFileType = text.xcconfig; name = "Pods-BuyProject.release.xcconfig"; path = "Pods/Target Support Files/Pods-BuyProject/Pods-BuyProject.release.xcconfig"; sourceTree = "<group>"; };
		F91E56264F1E22FC58C19AC7 /* libPods-BuyProject.a */ = {isa = PBXFileReference; explicitFileType = archive.ar; includeInIndex = 0; path = "libPods-BuyProject.a"; sourceTree = BUILT_PRODUCTS_DIR; };
/* End PBXFileReference section */

/* Begin PBXFrameworksBuildPhase section */
		431DEB941D20CF1A006C66AC /* Frameworks */ = {
			isa = PBXFrameworksBuildPhase;
			buildActionMask = 2147483647;
			files = (
				1916C7D04E3242DEACA0A4CE /* libPods-BuyProject.a in Frameworks */,
			);
			runOnlyForDeploymentPostprocessing = 0;
		};
		431DEBAD1D20CF1A006C66AC /* Frameworks */ = {
			isa = PBXFrameworksBuildPhase;
			buildActionMask = 2147483647;
			files = (
			);
			runOnlyForDeploymentPostprocessing = 0;
		};
		431DEBB81D20CF1A006C66AC /* Frameworks */ = {
			isa = PBXFrameworksBuildPhase;
			buildActionMask = 2147483647;
			files = (
			);
			runOnlyForDeploymentPostprocessing = 0;
		};
/* End PBXFrameworksBuildPhase section */

/* Begin PBXGroup section */
		28C32561680FA6B28630BBC8 /* Frameworks */ = {
			isa = PBXGroup;
			children = (
				F91E56264F1E22FC58C19AC7 /* libPods-BuyProject.a */,
			);
			name = Frameworks;
			sourceTree = "<group>";
		};
		431DEB8E1D20CF1A006C66AC = {
			isa = PBXGroup;
			children = (
				431DEB991D20CF1A006C66AC /* BuyProject */,
				431DEBB31D20CF1A006C66AC /* BuyProjectTests */,
				431DEBBE1D20CF1A006C66AC /* BuyProjectUITests */,
				431DEB981D20CF1A006C66AC /* Products */,
				F943C85B7B4A55693467392A /* Pods */,
				28C32561680FA6B28630BBC8 /* Frameworks */,
			);
			sourceTree = "<group>";
		};
		431DEB981D20CF1A006C66AC /* Products */ = {
			isa = PBXGroup;
			children = (
				431DEB971D20CF1A006C66AC /* BuyProject.app */,
				431DEBB01D20CF1A006C66AC /* BuyProjectTests.xctest */,
				431DEBBB1D20CF1A006C66AC /* BuyProjectUITests.xctest */,
			);
			name = Products;
			sourceTree = "<group>";
		};
		431DEB991D20CF1A006C66AC /* BuyProject */ = {
			isa = PBXGroup;
			children = (
				43CDEBB81D236C3600A8D69C /* All */,
				4388BDBB1D226CF00079B4EF /* internet */,
				431DEBA31D20CF1A006C66AC /* Main.storyboard */,
				431DEBA81D20CF1A006C66AC /* LaunchScreen.storyboard */,
				431DEB9A1D20CF1A006C66AC /* Supporting Files */,
				43CDEBD11D236CB000A8D69C /* BYMainTabViewController.h */,
				43CDEBD21D236CB000A8D69C /* BYMainTabViewController.m */,
			);
			path = BuyProject;
			sourceTree = "<group>";
		};
		431DEB9A1D20CF1A006C66AC /* Supporting Files */ = {
			isa = PBXGroup;
			children = (
				431DEB9B1D20CF1A006C66AC /* main.m */,
			);
			name = "Supporting Files";
			sourceTree = "<group>";
		};
		431DEBB31D20CF1A006C66AC /* BuyProjectTests */ = {
			isa = PBXGroup;
			children = (
				431DEBB41D20CF1A006C66AC /* BuyProjectTests.m */,
				431DEBB61D20CF1A006C66AC /* Info.plist */,
			);
			path = BuyProjectTests;
			sourceTree = "<group>";
		};
		431DEBBE1D20CF1A006C66AC /* BuyProjectUITests */ = {
			isa = PBXGroup;
			children = (
				431DEBBF1D20CF1A006C66AC /* BuyProjectUITests.m */,
				431DEBC11D20CF1A006C66AC /* Info.plist */,
			);
			path = BuyProjectUITests;
			sourceTree = "<group>";
		};
		4388BDBB1D226CF00079B4EF /* internet */ = {
			isa = PBXGroup;
			children = (
				4388BDBC1D226CF00079B4EF /* AppDelegate.h */,
				4388BDBD1D226CF00079B4EF /* AppDelegate.m */,
				4388BDBE1D226CF00079B4EF /* Assets.xcassets */,
				4388BDBF1D226CF00079B4EF /* Info.plist */,
				43CDEBD81D236EA200A8D69C /* MacroDefine.h */,
			);
			path = internet;
			sourceTree = "<group>";
		};
		43CDEBB81D236C3600A8D69C /* All */ = {
			isa = PBXGroup;
			children = (
				43CDEBB91D236C3600A8D69C /* List */,
				43CDEBBD1D236C3600A8D69C /* Main */,
				43CDEBC11D236C3600A8D69C /* Public */,
				43CDEBC51D236C3600A8D69C /* Setting */,
				43CDEBC91D236C3600A8D69C /* User */,
				43CDEBCD1D236C3600A8D69C /* Vendor */,
			);
			path = All;
			sourceTree = "<group>";
		};
		43CDEBB91D236C3600A8D69C /* List */ = {
			isa = PBXGroup;
			children = (
				43CDEBBA1D236C3600A8D69C /* Controller */,
				43CDEBBB1D236C3600A8D69C /* Model */,
				43CDEBBC1D236C3600A8D69C /* View */,
			);
			path = List;
			sourceTree = "<group>";
		};
		43CDEBBA1D236C3600A8D69C /* Controller */ = {
			isa = PBXGroup;
			children = (
				43CDEBDF1D2371BC00A8D69C /* BYListViewController.h */,
				43CDEBE01D2371BC00A8D69C /* BYListViewController.m */,
			);
			path = Controller;
			sourceTree = "<group>";
		};
		43CDEBBB1D236C3600A8D69C /* Model */ = {
			isa = PBXGroup;
			children = (
			);
			path = Model;
			sourceTree = "<group>";
		};
		43CDEBBC1D236C3600A8D69C /* View */ = {
			isa = PBXGroup;
			children = (
			);
			path = View;
			sourceTree = "<group>";
		};
		43CDEBBD1D236C3600A8D69C /* Main */ = {
			isa = PBXGroup;
			children = (
				43CDEBBE1D236C3600A8D69C /* Controller */,
				43CDEBBF1D236C3600A8D69C /* Model */,
				43CDEBC01D236C3600A8D69C /* View */,
			);
			path = Main;
			sourceTree = "<group>";
		};
		43CDEBBE1D236C3600A8D69C /* Controller */ = {
			isa = PBXGroup;
			children = (
				43CDEBD91D23719700A8D69C /* BYMainViewController.h */,
				43CDEBDA1D23719700A8D69C /* BYMainViewController.m */,
			);
			path = Controller;
			sourceTree = "<group>";
		};
		43CDEBBF1D236C3600A8D69C /* Model */ = {
			isa = PBXGroup;
			children = (
			);
			path = Model;
			sourceTree = "<group>";
		};
		43CDEBC01D236C3600A8D69C /* View */ = {
			isa = PBXGroup;
			children = (
			);
			path = View;
			sourceTree = "<group>";
		};
		43CDEBC11D236C3600A8D69C /* Public */ = {
			isa = PBXGroup;
			children = (
				43CDEBC21D236C3600A8D69C /* Controller */,
				43CDEBC31D236C3600A8D69C /* Model */,
				43CDEBC41D236C3600A8D69C /* View */,
			);
			path = Public;
			sourceTree = "<group>";
		};
		43CDEBC21D236C3600A8D69C /* Controller */ = {
			isa = PBXGroup;
			children = (
				43CDEBD41D236DFF00A8D69C /* BYPublicViewController.h */,
				43CDEBD51D236DFF00A8D69C /* BYPublicViewController.m */,
				43CDEBE21D2372D500A8D69C /* BYPublicNavgationViewController.h */,
				43CDEBE31D2372D500A8D69C /* BYPublicNavgationViewController.m */,
			);
			path = Controller;
			sourceTree = "<group>";
		};
		43CDEBC31D236C3600A8D69C /* Model */ = {
			isa = PBXGroup;
			children = (
			);
			path = Model;
			sourceTree = "<group>";
		};
		43CDEBC41D236C3600A8D69C /* View */ = {
			isa = PBXGroup;
			children = (
			);
			path = View;
			sourceTree = "<group>";
		};
		43CDEBC51D236C3600A8D69C /* Setting */ = {
			isa = PBXGroup;
			children = (
				43CDEBC61D236C3600A8D69C /* Controller */,
				43CDEBC71D236C3600A8D69C /* Model */,
				43CDEBC81D236C3600A8D69C /* View */,
			);
			path = Setting;
			sourceTree = "<group>";
		};
		43CDEBC61D236C3600A8D69C /* Controller */ = {
			isa = PBXGroup;
			children = (
				43CDEBDC1D2371A900A8D69C /* BYSettingViewController.h */,
				43CDEBDD1D2371A900A8D69C /* BYSettingViewController.m */,
			);
			path = Controller;
			sourceTree = "<group>";
		};
		43CDEBC71D236C3600A8D69C /* Model */ = {
			isa = PBXGroup;
			children = (
			);
			path = Model;
			sourceTree = "<group>";
		};
		43CDEBC81D236C3600A8D69C /* View */ = {
			isa = PBXGroup;
			children = (
			);
			path = View;
			sourceTree = "<group>";
		};
		43CDEBC91D236C3600A8D69C /* User */ = {
			isa = PBXGroup;
			children = (
				43CDEBCA1D236C3600A8D69C /* Controller */,
				43CDEBCB1D236C3600A8D69C /* Model */,
				43CDEBCC1D236C3600A8D69C /* View */,
			);
			path = User;
			sourceTree = "<group>";
		};
		43CDEBCA1D236C3600A8D69C /* Controller */ = {
			isa = PBXGroup;
			children = (
			);
			path = Controller;
			sourceTree = "<group>";
		};
		43CDEBCB1D236C3600A8D69C /* Model */ = {
			isa = PBXGroup;
			children = (
			);
			path = Model;
			sourceTree = "<group>";
		};
		43CDEBCC1D236C3600A8D69C /* View */ = {
			isa = PBXGroup;
			children = (
			);
			path = View;
			sourceTree = "<group>";
		};
		43CDEBCD1D236C3600A8D69C /* Vendor */ = {
			isa = PBXGroup;
			children = (
				43CDEBCE1D236C3600A8D69C /* Controller */,
				43CDEBCF1D236C3600A8D69C /* Model */,
				43CDEBD01D236C3600A8D69C /* View */,
			);
			path = Vendor;
			sourceTree = "<group>";
		};
		43CDEBCE1D236C3600A8D69C /* Controller */ = {
			isa = PBXGroup;
			children = (
			);
			path = Controller;
			sourceTree = "<group>";
		};
		43CDEBCF1D236C3600A8D69C /* Model */ = {
			isa = PBXGroup;
			children = (
			);
			path = Model;
			sourceTree = "<group>";
		};
		43CDEBD01D236C3600A8D69C /* View */ = {
			isa = PBXGroup;
			children = (
			);
			path = View;
			sourceTree = "<group>";
		};
		F943C85B7B4A55693467392A /* Pods */ = {
			isa = PBXGroup;
			children = (
				767DADF49E742488FB4CFAD8 /* Pods-BuyProject.debug.xcconfig */,
				D15E91B5EBD3D607EBFD95CC /* Pods-BuyProject.release.xcconfig */,
			);
			name = Pods;
			sourceTree = "<group>";
		};
/* End PBXGroup section */

/* Begin PBXNativeTarget section */
		431DEB961D20CF1A006C66AC /* BuyProject */ = {
			isa = PBXNativeTarget;
			buildConfigurationList = 431DEBC41D20CF1A006C66AC /* Build configuration list for PBXNativeTarget "BuyProject" */;
			buildPhases = (
				EFB80F11716A14A7DC3A1EE4 /* 📦 Check Pods Manifest.lock */,
				431DEB931D20CF1A006C66AC /* Sources */,
				431DEB941D20CF1A006C66AC /* Frameworks */,
				431DEB951D20CF1A006C66AC /* Resources */,
				3E938AFE7E51B5EEEF11F4D8 /* 📦 Embed Pods Frameworks */,
				518F95F092F5A1841D5366BC /* 📦 Copy Pods Resources */,
			);
			buildRules = (
			);
			dependencies = (
			);
			name = BuyProject;
			productName = BuyProject;
			productReference = 431DEB971D20CF1A006C66AC /* BuyProject.app */;
			productType = "com.apple.product-type.application";
		};
		431DEBAF1D20CF1A006C66AC /* BuyProjectTests */ = {
			isa = PBXNativeTarget;
			buildConfigurationList = 431DEBC71D20CF1A006C66AC /* Build configuration list for PBXNativeTarget "BuyProjectTests" */;
			buildPhases = (
				431DEBAC1D20CF1A006C66AC /* Sources */,
				431DEBAD1D20CF1A006C66AC /* Frameworks */,
				431DEBAE1D20CF1A006C66AC /* Resources */,
			);
			buildRules = (
			);
			dependencies = (
				431DEBB21D20CF1A006C66AC /* PBXTargetDependency */,
			);
			name = BuyProjectTests;
			productName = BuyProjectTests;
			productReference = 431DEBB01D20CF1A006C66AC /* BuyProjectTests.xctest */;
			productType = "com.apple.product-type.bundle.unit-test";
		};
		431DEBBA1D20CF1A006C66AC /* BuyProjectUITests */ = {
			isa = PBXNativeTarget;
			buildConfigurationList = 431DEBCA1D20CF1A006C66AC /* Build configuration list for PBXNativeTarget "BuyProjectUITests" */;
			buildPhases = (
				431DEBB71D20CF1A006C66AC /* Sources */,
				431DEBB81D20CF1A006C66AC /* Frameworks */,
				431DEBB91D20CF1A006C66AC /* Resources */,
			);
			buildRules = (
			);
			dependencies = (
				431DEBBD1D20CF1A006C66AC /* PBXTargetDependency */,
			);
			name = BuyProjectUITests;
			productName = BuyProjectUITests;
			productReference = 431DEBBB1D20CF1A006C66AC /* BuyProjectUITests.xctest */;
			productType = "com.apple.product-type.bundle.ui-testing";
		};
/* End PBXNativeTarget section */

/* Begin PBXProject section */
		431DEB8F1D20CF1A006C66AC /* Project object */ = {
			isa = PBXProject;
			attributes = {
				LastUpgradeCheck = 0720;
				ORGANIZATIONNAME = hanvon;
				TargetAttributes = {
					431DEB961D20CF1A006C66AC = {
						CreatedOnToolsVersion = 7.2.1;
						DevelopmentTeam = MN669695P5;
					};
					431DEBAF1D20CF1A006C66AC = {
						CreatedOnToolsVersion = 7.2.1;
						DevelopmentTeam = MN669695P5;
						TestTargetID = 431DEB961D20CF1A006C66AC;
					};
					431DEBBA1D20CF1A006C66AC = {
						CreatedOnToolsVersion = 7.2.1;
						DevelopmentTeam = MN669695P5;
						TestTargetID = 431DEB961D20CF1A006C66AC;
					};
				};
			};
			buildConfigurationList = 431DEB921D20CF1A006C66AC /* Build configuration list for PBXProject "BuyProject" */;
			compatibilityVersion = "Xcode 3.2";
			developmentRegion = English;
			hasScannedForEncodings = 0;
			knownRegions = (
				en,
				Base,
			);
			mainGroup = 431DEB8E1D20CF1A006C66AC;
			productRefGroup = 431DEB981D20CF1A006C66AC /* Products */;
			projectDirPath = "";
			projectRoot = "";
			targets = (
				431DEB961D20CF1A006C66AC /* BuyProject */,
				431DEBAF1D20CF1A006C66AC /* BuyProjectTests */,
				431DEBBA1D20CF1A006C66AC /* BuyProjectUITests */,
			);
		};
/* End PBXProject section */

/* Begin PBXResourcesBuildPhase section */
		431DEB951D20CF1A006C66AC /* Resources */ = {
			isa = PBXResourcesBuildPhase;
			buildActionMask = 2147483647;
			files = (
				4388BDC21D226CF00079B4EF /* Info.plist in Resources */,
				431DEBAA1D20CF1A006C66AC /* LaunchScreen.storyboard in Resources */,
				4388BDC11D226CF00079B4EF /* Assets.xcassets in Resources */,
				431DEBA51D20CF1A006C66AC /* Main.storyboard in Resources */,
			);
			runOnlyForDeploymentPostprocessing = 0;
		};
		431DEBAE1D20CF1A006C66AC /* Resources */ = {
			isa = PBXResourcesBuildPhase;
			buildActionMask = 2147483647;
			files = (
			);
			runOnlyForDeploymentPostprocessing = 0;
		};
		431DEBB91D20CF1A006C66AC /* Resources */ = {
			isa = PBXResourcesBuildPhase;
			buildActionMask = 2147483647;
			files = (
			);
			runOnlyForDeploymentPostprocessing = 0;
		};
/* End PBXResourcesBuildPhase section */

/* Begin PBXShellScriptBuildPhase section */
		3E938AFE7E51B5EEEF11F4D8 /* 📦 Embed Pods Frameworks */ = {
			isa = PBXShellScriptBuildPhase;
			buildActionMask = 2147483647;
			files = (
			);
			inputPaths = (
			);
			name = "📦 Embed Pods Frameworks";
			outputPaths = (
			);
			runOnlyForDeploymentPostprocessing = 0;
			shellPath = /bin/sh;
			shellScript = "\"${SRCROOT}/Pods/Target Support Files/Pods-BuyProject/Pods-BuyProject-frameworks.sh\"\n";
			showEnvVarsInLog = 0;
		};
		518F95F092F5A1841D5366BC /* 📦 Copy Pods Resources */ = {
			isa = PBXShellScriptBuildPhase;
			buildActionMask = 2147483647;
			files = (
			);
			inputPaths = (
			);
			name = "📦 Copy Pods Resources";
			outputPaths = (
			);
			runOnlyForDeploymentPostprocessing = 0;
			shellPath = /bin/sh;
			shellScript = "\"${SRCROOT}/Pods/Target Support Files/Pods-BuyProject/Pods-BuyProject-resources.sh\"\n";
			showEnvVarsInLog = 0;
		};
		EFB80F11716A14A7DC3A1EE4 /* 📦 Check Pods Manifest.lock */ = {
			isa = PBXShellScriptBuildPhase;
			buildActionMask = 2147483647;
			files = (
			);
			inputPaths = (
			);
			name = "📦 Check Pods Manifest.lock";
			outputPaths = (
			);
			runOnlyForDeploymentPostprocessing = 0;
			shellPath = /bin/sh;
			shellScript = "diff \"${PODS_ROOT}/../Podfile.lock\" \"${PODS_ROOT}/Manifest.lock\" > /dev/null\nif [[ $? != 0 ]] ; then\n    cat << EOM\nerror: The sandbox is not in sync with the Podfile.lock. Run 'pod install' or update your CocoaPods installation.\nEOM\n    exit 1\nfi\n";
			showEnvVarsInLog = 0;
		};
/* End PBXShellScriptBuildPhase section */

/* Begin PBXSourcesBuildPhase section */
		431DEB931D20CF1A006C66AC /* Sources */ = {
			isa = PBXSourcesBuildPhase;
			buildActionMask = 2147483647;
			files = (
				43CDEBDB1D23719700A8D69C /* BYMainViewController.m in Sources */,
				43CDEBD61D236DFF00A8D69C /* BYPublicViewController.m in Sources */,
				431DEB9C1D20CF1A006C66AC /* main.m in Sources */,
				43CDEBE11D2371BC00A8D69C /* BYListViewController.m in Sources */,
				43CDEBE41D2372D500A8D69C /* BYPublicNavgationViewController.m in Sources */,
				43CDEBD31D236CB000A8D69C /* BYMainTabViewController.m in Sources */,
				43CDEBDE1D2371A900A8D69C /* BYSettingViewController.m in Sources */,
				4388BDC01D226CF00079B4EF /* AppDelegate.m in Sources */,
			);
			runOnlyForDeploymentPostprocessing = 0;
		};
		431DEBAC1D20CF1A006C66AC /* Sources */ = {
			isa = PBXSourcesBuildPhase;
			buildActionMask = 2147483647;
			files = (
				431DEBB51D20CF1A006C66AC /* BuyProjectTests.m in Sources */,
			);
			runOnlyForDeploymentPostprocessing = 0;
		};
		431DEBB71D20CF1A006C66AC /* Sources */ = {
			isa = PBXSourcesBuildPhase;
			buildActionMask = 2147483647;
			files = (
				431DEBC01D20CF1A006C66AC /* BuyProjectUITests.m in Sources */,
			);
			runOnlyForDeploymentPostprocessing = 0;
		};
/* End PBXSourcesBuildPhase section */

/* Begin PBXTargetDependency section */
		431DEBB21D20CF1A006C66AC /* PBXTargetDependency */ = {
			isa = PBXTargetDependency;
			target = 431DEB961D20CF1A006C66AC /* BuyProject */;
			targetProxy = 431DEBB11D20CF1A006C66AC /* PBXContainerItemProxy */;
		};
		431DEBBD1D20CF1A006C66AC /* PBXTargetDependency */ = {
			isa = PBXTargetDependency;
			target = 431DEB961D20CF1A006C66AC /* BuyProject */;
			targetProxy = 431DEBBC1D20CF1A006C66AC /* PBXContainerItemProxy */;
		};
/* End PBXTargetDependency section */

/* Begin PBXVariantGroup section */
		431DEBA31D20CF1A006C66AC /* Main.storyboard */ = {
			isa = PBXVariantGroup;
			children = (
				431DEBA41D20CF1A006C66AC /* Base */,
			);
			name = Main.storyboard;
			sourceTree = "<group>";
		};
		431DEBA81D20CF1A006C66AC /* LaunchScreen.storyboard */ = {
			isa = PBXVariantGroup;
			children = (
				431DEBA91D20CF1A006C66AC /* Base */,
			);
			name = LaunchScreen.storyboard;
			sourceTree = "<group>";
		};
/* End PBXVariantGroup section */

/* Begin XCBuildConfiguration section */
		431DEBC21D20CF1A006C66AC /* Debug */ = {
			isa = XCBuildConfiguration;
			buildSettings = {
				ALWAYS_SEARCH_USER_PATHS = NO;
				CLANG_CXX_LANGUAGE_STANDARD = "gnu++0x";
				CLANG_CXX_LIBRARY = "libc++";
				CLANG_ENABLE_MODULES = YES;
				CLANG_ENABLE_OBJC_ARC = YES;
				CLANG_WARN_BOOL_CONVERSION = YES;
				CLANG_WARN_CONSTANT_CONVERSION = YES;
				CLANG_WARN_DIRECT_OBJC_ISA_USAGE = YES_ERROR;
				CLANG_WARN_EMPTY_BODY = YES;
				CLANG_WARN_ENUM_CONVERSION = YES;
				CLANG_WARN_INT_CONVERSION = YES;
				CLANG_WARN_OBJC_ROOT_CLASS = YES_ERROR;
				CLANG_WARN_UNREACHABLE_CODE = YES;
				CLANG_WARN__DUPLICATE_METHOD_MATCH = YES;
				"CODE_SIGN_IDENTITY[sdk=iphoneos*]" = "iPhone Developer";
				COPY_PHASE_STRIP = NO;
				DEBUG_INFORMATION_FORMAT = dwarf;
				ENABLE_STRICT_OBJC_MSGSEND = YES;
				ENABLE_TESTABILITY = YES;
				GCC_C_LANGUAGE_STANDARD = gnu99;
				GCC_DYNAMIC_NO_PIC = NO;
				GCC_NO_COMMON_BLOCKS = YES;
				GCC_OPTIMIZATION_LEVEL = 0;
				GCC_PREPROCESSOR_DEFINITIONS = (
					"DEBUG=1",
					"$(inherited)",
				);
				GCC_WARN_64_TO_32_BIT_CONVERSION = YES;
				GCC_WARN_ABOUT_RETURN_TYPE = YES_ERROR;
				GCC_WARN_UNDECLARED_SELECTOR = YES;
				GCC_WARN_UNINITIALIZED_AUTOS = YES_AGGRESSIVE;
				GCC_WARN_UNUSED_FUNCTION = YES;
				GCC_WARN_UNUSED_VARIABLE = YES;
				IPHONEOS_DEPLOYMENT_TARGET = 9.2;
				MTL_ENABLE_DEBUG_INFO = YES;
				ONLY_ACTIVE_ARCH = YES;
				SDKROOT = iphoneos;
				TARGETED_DEVICE_FAMILY = "1,2";
			};
			name = Debug;
		};
		431DEBC31D20CF1A006C66AC /* Release */ = {
			isa = XCBuildConfiguration;
			buildSettings = {
				ALWAYS_SEARCH_USER_PATHS = NO;
				CLANG_CXX_LANGUAGE_STANDARD = "gnu++0x";
				CLANG_CXX_LIBRARY = "libc++";
				CLANG_ENABLE_MODULES = YES;
				CLANG_ENABLE_OBJC_ARC = YES;
				CLANG_WARN_BOOL_CONVERSION = YES;
				CLANG_WARN_CONSTANT_CONVERSION = YES;
				CLANG_WARN_DIRECT_OBJC_ISA_USAGE = YES_ERROR;
				CLANG_WARN_EMPTY_BODY = YES;
				CLANG_WARN_ENUM_CONVERSION = YES;
				CLANG_WARN_INT_CONVERSION = YES;
				CLANG_WARN_OBJC_ROOT_CLASS = YES_ERROR;
				CLANG_WARN_UNREACHABLE_CODE = YES;
				CLANG_WARN__DUPLICATE_METHOD_MATCH = YES;
				"CODE_SIGN_IDENTITY[sdk=iphoneos*]" = "iPhone Developer";
				COPY_PHASE_STRIP = NO;
				DEBUG_INFORMATION_FORMAT = "dwarf-with-dsym";
				ENABLE_NS_ASSERTIONS = NO;
				ENABLE_STRICT_OBJC_MSGSEND = YES;
				GCC_C_LANGUAGE_STANDARD = gnu99;
				GCC_NO_COMMON_BLOCKS = YES;
				GCC_WARN_64_TO_32_BIT_CONVERSION = YES;
				GCC_WARN_ABOUT_RETURN_TYPE = YES_ERROR;
				GCC_WARN_UNDECLARED_SELECTOR = YES;
				GCC_WARN_UNINITIALIZED_AUTOS = YES_AGGRESSIVE;
				GCC_WARN_UNUSED_FUNCTION = YES;
				GCC_WARN_UNUSED_VARIABLE = YES;
				IPHONEOS_DEPLOYMENT_TARGET = 9.2;
				MTL_ENABLE_DEBUG_INFO = NO;
				SDKROOT = iphoneos;
				TARGETED_DEVICE_FAMILY = "1,2";
				VALIDATE_PRODUCT = YES;
			};
			name = Release;
		};
		431DEBC51D20CF1A006C66AC /* Debug */ = {
			isa = XCBuildConfiguration;
			baseConfigurationReference = 767DADF49E742488FB4CFAD8 /* Pods-BuyProject.debug.xcconfig */;
			buildSettings = {
				ASSETCATALOG_COMPILER_APPICON_NAME = AppIcon;
				INFOPLIST_FILE = BuyProject/internet/Info.plist;
				LD_RUNPATH_SEARCH_PATHS = "$(inherited) @executable_path/Frameworks";
				PRODUCT_BUNDLE_IDENTIFIER = LU.BuyProject;
				PRODUCT_NAME = "$(TARGET_NAME)";
			};
			name = Debug;
		};
		431DEBC61D20CF1A006C66AC /* Release */ = {
			isa = XCBuildConfiguration;
			baseConfigurationReference = D15E91B5EBD3D607EBFD95CC /* Pods-BuyProject.release.xcconfig */;
			buildSettings = {
				ASSETCATALOG_COMPILER_APPICON_NAME = AppIcon;
				INFOPLIST_FILE = BuyProject/internet/Info.plist;
				LD_RUNPATH_SEARCH_PATHS = "$(inherited) @executable_path/Frameworks";
				PRODUCT_BUNDLE_IDENTIFIER = LU.BuyProject;
				PRODUCT_NAME = "$(TARGET_NAME)";
			};
			name = Release;
		};
		431DEBC81D20CF1A006C66AC /* Debug */ = {
			isa = XCBuildConfiguration;
			buildSettings = {
				BUNDLE_LOADER = "$(TEST_HOST)";
				INFOPLIST_FILE = BuyProjectTests/Info.plist;
				LD_RUNPATH_SEARCH_PATHS = "$(inherited) @executable_path/Frameworks @loader_path/Frameworks";
				PRODUCT_BUNDLE_IDENTIFIER = LU.BuyProjectTests;
				PRODUCT_NAME = "$(TARGET_NAME)";
				TEST_HOST = "$(BUILT_PRODUCTS_DIR)/BuyProject.app/BuyProject";
			};
			name = Debug;
		};
		431DEBC91D20CF1A006C66AC /* Release */ = {
			isa = XCBuildConfiguration;
			buildSettings = {
				BUNDLE_LOADER = "$(TEST_HOST)";
				INFOPLIST_FILE = BuyProjectTests/Info.plist;
				LD_RUNPATH_SEARCH_PATHS = "$(inherited) @executable_path/Frameworks @loader_path/Frameworks";
				PRODUCT_BUNDLE_IDENTIFIER = LU.BuyProjectTests;
				PRODUCT_NAME = "$(TARGET_NAME)";
				TEST_HOST = "$(BUILT_PRODUCTS_DIR)/BuyProject.app/BuyProject";
			};
			name = Release;
		};
		431DEBCB1D20CF1A006C66AC /* Debug */ = {
			isa = XCBuildConfiguration;
			buildSettings = {
				INFOPLIST_FILE = BuyProjectUITests/Info.plist;
				LD_RUNPATH_SEARCH_PATHS = "$(inherited) @executable_path/Frameworks @loader_path/Frameworks";
				PRODUCT_BUNDLE_IDENTIFIER = LU.BuyProjectUITests;
				PRODUCT_NAME = "$(TARGET_NAME)";
				TEST_TARGET_NAME = BuyProject;
				USES_XCTRUNNER = YES;
			};
			name = Debug;
		};
		431DEBCC1D20CF1A006C66AC /* Release */ = {
			isa = XCBuildConfiguration;
			buildSettings = {
				INFOPLIST_FILE = BuyProjectUITests/Info.plist;
				LD_RUNPATH_SEARCH_PATHS = "$(inherited) @executable_path/Frameworks @loader_path/Frameworks";
				PRODUCT_BUNDLE_IDENTIFIER = LU.BuyProjectUITests;
				PRODUCT_NAME = "$(TARGET_NAME)";
				TEST_TARGET_NAME = BuyProject;
				USES_XCTRUNNER = YES;
			};
			name = Release;
		};
/* End XCBuildConfiguration section */

/* Begin XCConfigurationList section */
		431DEB921D20CF1A006C66AC /* Build configuration list for PBXProject "BuyProject" */ = {
			isa = XCConfigurationList;
			buildConfigurations = (
				431DEBC21D20CF1A006C66AC /* Debug */,
				431DEBC31D20CF1A006C66AC /* Release */,
			);
			defaultConfigurationIsVisible = 0;
			defaultConfigurationName = Release;
		};
		431DEBC41D20CF1A006C66AC /* Build configuration list for PBXNativeTarget "BuyProject" */ = {
			isa = XCConfigurationList;
			buildConfigurations = (
				431DEBC51D20CF1A006C66AC /* Debug */,
				431DEBC61D20CF1A006C66AC /* Release */,
			);
			defaultConfigurationIsVisible = 0;
			defaultConfigurationName = Release;
		};
		431DEBC71D20CF1A006C66AC /* Build configuration list for PBXNativeTarget "BuyProjectTests" */ = {
			isa = XCConfigurationList;
			buildConfigurations = (
				431DEBC81D20CF1A006C66AC /* Debug */,
				431DEBC91D20CF1A006C66AC /* Release */,
			);
			defaultConfigurationIsVisible = 0;
			defaultConfigurationName = Release;
		};
		431DEBCA1D20CF1A006C66AC /* Build configuration list for PBXNativeTarget "BuyProjectUITests" */ = {
			isa = XCConfigurationList;
			buildConfigurations = (
				431DEBCB1D20CF1A006C66AC /* Debug */,
				431DEBCC1D20CF1A006C66AC /* Release */,
			);
			defaultConfigurationIsVisible = 0;
			defaultConfigurationName = Release;
		};
/* End XCConfigurationList section */
	};
	rootObject = 431DEB8F1D20CF1A006C66AC /* Project object */;
}
